<?xml version="1.0" encoding="utf-8"?>
<Project ToolsVersion="14.0" xmlns="http://schemas.microsoft.com/developer/msbuild/2003">
  <ItemGroup>
    <Filter Include="Common">
      <UniqueIdentifier>99f96473-e065-4439-8cc3-0333d8a20df0</UniqueIdentifier>
    </Filter>
    <Filter Include="Assets">
      <UniqueIdentifier>c88d5f04-ac51-439c-9b19-56e23a72ac85</UniqueIdentifier>
      <Extensions>bmp;fbx;gif;jpg;jpeg;tga;tiff;tif;png</Extensions>
    </Filter>
  </ItemGroup>
  <ItemGroup>
    <ApplicationDefinition Include="App.xaml" />
  </ItemGroup>
  <ItemGroup>
    <ClCompile Include="App.xaml.cpp" />
    <ClCompile Include="MainPage.xaml.cpp" />
    <ClCompile Include="pch.cpp" />
    <ClCompile Include="ServerView.xaml.cpp" />
    <ClCompile Include="ListenerContext.cpp" />
    <ClCompile Include="ClientView.xaml.cpp" />
    <ClCompile Include="MessageReceivedEventArgs.cpp" />
    <ClCompile Include="AppDatagramSocket.cpp" />
    <ClCompile Include="ClientContext.cpp" />
  </ItemGroup>
  <ItemGroup>
    <ClInclude Include="pch.h" />
    <ClInclude Include="App.xaml.h" />
    <ClInclude Include="MainPage.xaml.h" />
    <ClInclude Include="ServerView.xaml.h" />
    <ClInclude Include="ListenerContext.h" />
    <ClInclude Include="IAppSocket.h" />
    <ClInclude Include="IAsyncThreadPage.h" />
    <ClInclude Include="MessageReceivedEventArgs.h" />
    <ClInclude Include="ClientView.xaml.h" />
    <ClInclude Include="AppDatagramSocket.h" />
    <ClInclude Include="ClientContext.h" />
    <ClInclude Include="Consts.h" />
  </ItemGroup>
  <ItemGroup>
    <Image Include="Assets\LockScreenLogo.scale-200.png">
      <Filter>Assets</Filter>
    </Image>
    <Image Include="Assets\SplashScreen.scale-200.png">
      <Filter>Assets</Filter>
    </Image>
    <Image Include="Assets\Square150x150Logo.scale-200.png">
      <Filter>Assets</Filter>
    </Image>
    <Image Include="Assets\Square44x44Logo.scale-200.png">
      <Filter>Assets</Filter>
    </Image>
    <Image Include="Assets\Square44x44Logo.targetsize-24_altform-unplated.png">
      <Filter>Assets</Filter>
    </Image>
    <Image Include="Assets\StoreLogo.png">
      <Filter>Assets</Filter>
    </Image>
    <Image Include="Assets\Wide310x150Logo.scale-200.png">
      <Filter>Assets</Filter>
    </Image>
  </ItemGroup>
  <ItemGroup>
    <AppxManifest Include="Package.appxmanifest" />
  </ItemGroup>
  <ItemGroup>
    <None Include="SocketUwp_TemporaryKey.pfx" />
  </ItemGroup>
  <ItemGroup>
    <Page Include="MainPage.xaml" />
    <Page Include="ServerView.xaml" />
    <Page Include="ClientView.xaml" />
  </ItemGroup>
</Project>